
Microsoft Visual Studio Solution File, Format Version 12.00
# Visual Studio 15
Project("{FAE04EC0-301F-11D3-BF4B-00C04F79EFBC}") = "Assembly-CSharp", "Assembly-CSharp.csproj", "{FC9DDD79-EB2B-3249-3ACA-770BE7E2ADEC}"
EndProject
Global
	GlobalSection(SolutionConfigurationPlatforms) = preSolution
		Debug|Any CPU = Debug|Any CPU
		Release|Any CPU = Release|Any CPU
	EndGlobalSection
	GlobalSection(ProjectConfigurationPlatforms) = postSolution
		{FC9DDD79-EB2B-3249-3ACA-770BE7E2ADEC}.Debug|Any CPU.ActiveCfg = Debug|Any CPU
		{FC9DDD79-EB2B-3249-3ACA-770BE7E2ADEC}.Debug|Any CPU.Build.0 = Debug|Any CPU
		{FC9DDD79-EB2B-3249-3ACA-770BE7E2ADEC}.Release|Any CPU.ActiveCfg = Release|Any CPU
		{FC9DDD79-EB2B-3249-3ACA-770BE7E2ADEC}.Release|Any CPU.Build.0 = Release|Any CPU
	EndGlobalSection
	GlobalSection(SolutionProperties) = preSolution
		HideSolutionNode = FALSE
	EndGlobalSection
EndGlobal
