
Microsoft Visual Studio Solution File, Format Version 12.00
# Visual Studio 15
Project("{FAE04EC0-301F-11D3-BF4B-00C04F79EFBC}") = "UnityEngine.TestRunner", "UnityEngine.TestRunner.csproj", "{E911A2C7-40C3-A2C5-2466-368434942928}"
EndProject
Project("{FAE04EC0-301F-11D3-BF4B-00C04F79EFBC}") = "Unity.2D.Animation.Triangle.Runtime", "Unity.2D.Animation.Triangle.Runtime.csproj", "{2808F9E1-2ECB-28AC-2E2E-B58F6335FCC4}"
EndProject
Project("{FAE04EC0-301F-11D3-BF4B-00C04F79EFBC}") = "UnityEngine.UI", "UnityEngine.UI.csproj", "{01301332-1955-2D92-49B6-756852A41906}"
EndProject
Project("{FAE04EC0-301F-11D3-BF4B-00C04F79EFBC}") = "Unity.TextMeshPro", "Unity.TextMeshPro.csproj", "{61FC298D-0F9B-8423-8B2E-26F509E66D89}"
EndProject
Project("{FAE04EC0-301F-11D3-BF4B-00C04F79EFBC}") = "Unity.2D.Animation.Runtime", "Unity.2D.Animation.Runtime.csproj", "{7225C98C-3C2D-2AE0-5BC7-A674DBA7BEF7}"
EndProject
Project("{FAE04EC0-301F-11D3-BF4B-00C04F79EFBC}") = "Unity.Timeline", "Unity.Timeline.csproj", "{BB59949C-1172-264C-131E-81325C7F7649}"
EndProject
Project("{FAE04EC0-301F-11D3-BF4B-00C04F79EFBC}") = "Unity.Mathematics", "Unity.Mathematics.csproj", "{D94070F5-93A2-F7D5-1CB9-79E871D7CAB5}"
EndProject
Project("{FAE04EC0-301F-11D3-BF4B-00C04F79EFBC}") = "Unity.2D.SpriteShape.Runtime", "Unity.2D.SpriteShape.Runtime.csproj", "{BBA57046-FFC9-06E0-12AE-081E11B440FB}"
EndProject
Project("{FAE04EC0-301F-11D3-BF4B-00C04F79EFBC}") = "Unity.2D.PixelPerfect", "Unity.2D.PixelPerfect.csproj", "{9897ECF8-67C9-B2A8-3454-FB31BE6A0DD2}"
EndProject
Project("{FAE04EC0-301F-11D3-BF4B-00C04F79EFBC}") = "Unity.InternalAPIEngineBridge.001", "Unity.InternalAPIEngineBridge.001.csproj", "{450A2D06-9AFF-6A16-D083-E424EBE75BFF}"
EndProject
Project("{FAE04EC0-301F-11D3-BF4B-00C04F79EFBC}") = "Unity.2D.Common.Runtime", "Unity.2D.Common.Runtime.csproj", "{9DE46FB3-6A7F-691F-087F-4D5C74B3044F}"
EndProject
Project("{FAE04EC0-301F-11D3-BF4B-00C04F79EFBC}") = "UnityEditor.TestRunner", "UnityEditor.TestRunner.csproj", "{29C5940E-ACD8-226D-04E8-5DEC893278EF}"
EndProject
Project("{FAE04EC0-301F-11D3-BF4B-00C04F79EFBC}") = "Unity.VisualStudio.Editor", "Unity.VisualStudio.Editor.csproj", "{64AA55E4-6561-FA30-19D4-D0DDCCAA62C7}"
EndProject
Project("{FAE04EC0-301F-11D3-BF4B-00C04F79EFBC}") = "Unity.TextMeshPro.Editor", "Unity.TextMeshPro.Editor.csproj", "{21F546F7-3F40-767A-3712-AD6E6CF0A72B}"
EndProject
Project("{FAE04EC0-301F-11D3-BF4B-00C04F79EFBC}") = "Unity.Timeline.Editor", "Unity.Timeline.Editor.csproj", "{668916F6-CE33-2925-1C3E-9DE9927301E6}"
EndProject
Project("{FAE04EC0-301F-11D3-BF4B-00C04F79EFBC}") = "Unity.PlasticSCM.Editor", "Unity.PlasticSCM.Editor.csproj", "{6900FCFA-EFD4-1EA3-82C2-036143AD19DB}"
EndProject
Project("{FAE04EC0-301F-11D3-BF4B-00C04F79EFBC}") = "Unity.2D.Animation.Editor", "Unity.2D.Animation.Editor.csproj", "{18108924-90D9-296A-397B-BA31BF18B23D}"
EndProject
Project("{FAE04EC0-301F-11D3-BF4B-00C04F79EFBC}") = "Unity.2D.Path.Editor", "Unity.2D.Path.Editor.csproj", "{8678AAD7-ABD3-32A1-B986-7094B56F1EAB}"
EndProject
Project("{FAE04EC0-301F-11D3-BF4B-00C04F79EFBC}") = "Unity.2D.Sprite.Editor", "Unity.2D.Sprite.Editor.csproj", "{0E7FBF29-B8D2-94F8-D131-D578E603DF67}"
EndProject
Project("{FAE04EC0-301F-11D3-BF4B-00C04F79EFBC}") = "UnityEditor.UI", "UnityEditor.UI.csproj", "{74581082-D99D-4C74-8A84-989D937076CD}"
EndProject
Project("{FAE04EC0-301F-11D3-BF4B-00C04F79EFBC}") = "Unity.Rider.Editor", "Unity.Rider.Editor.csproj", "{94F90447-EC0C-C7B2-6CF4-1B8F161A4A5E}"
EndProject
Project("{FAE04EC0-301F-11D3-BF4B-00C04F79EFBC}") = "Unity.2D.Tilemap.Editor", "Unity.2D.Tilemap.Editor.csproj", "{C52A0C88-2AF5-73C2-F472-062D48A51209}"
EndProject
Project("{FAE04EC0-301F-11D3-BF4B-00C04F79EFBC}") = "Unity.2D.SpriteShape.Editor", "Unity.2D.SpriteShape.Editor.csproj", "{65F93F11-1E9B-3258-81FB-9CF24F4A348C}"
EndProject
Project("{FAE04EC0-301F-11D3-BF4B-00C04F79EFBC}") = "PsdPlugin", "PsdPlugin.csproj", "{86B2E0C5-E09F-D67E-0CBA-EC08221DF493}"
EndProject
Project("{FAE04EC0-301F-11D3-BF4B-00C04F79EFBC}") = "Unity.CollabProxy.Editor", "Unity.CollabProxy.Editor.csproj", "{803D9E5F-D3E8-DA1C-181E-9D228BC0886E}"
EndProject
Project("{FAE04EC0-301F-11D3-BF4B-00C04F79EFBC}") = "Unity.VSCode.Editor", "Unity.VSCode.Editor.csproj", "{3CE02675-45A7-9950-A9A5-888CFFA9D253}"
EndProject
Project("{FAE04EC0-301F-11D3-BF4B-00C04F79EFBC}") = "Unity.2D.Common.Editor", "Unity.2D.Common.Editor.csproj", "{11B93DE1-222C-8392-ED2B-11B4DBFD1B61}"
EndProject
Project("{FAE04EC0-301F-11D3-BF4B-00C04F79EFBC}") = "Unity.2D.Psdimporter.Editor", "Unity.2D.Psdimporter.Editor.csproj", "{2E398205-43C0-2C1B-A36F-AF2C3DD44C62}"
EndProject
Project("{FAE04EC0-301F-11D3-BF4B-00C04F79EFBC}") = "Unity.2D.PixelPerfect.Editor", "Unity.2D.PixelPerfect.Editor.csproj", "{C6EBD6B5-B0CC-5C9E-07CF-868A22E7FCCB}"
EndProject
Project("{FAE04EC0-301F-11D3-BF4B-00C04F79EFBC}") = "Unity.Mathematics.Editor", "Unity.Mathematics.Editor.csproj", "{599ECE76-7D73-D5E8-B020-F5921C434FAD}"
EndProject
Project("{FAE04EC0-301F-11D3-BF4B-00C04F79EFBC}") = "Unity.InternalAPIEditorBridge.001", "Unity.InternalAPIEditorBridge.001.csproj", "{C23F7CF0-1F78-E8FD-0F3E-AA5146B968A0}"
EndProject
Project("{FAE04EC0-301F-11D3-BF4B-00C04F79EFBC}") = "UnityEngine.TestRunner", "UnityEngine.TestRunner.Player.csproj", "{50DD0E79-51CA-6F50-6381-AB022DE80575}"
EndProject
Project("{FAE04EC0-301F-11D3-BF4B-00C04F79EFBC}") = "Unity.2D.Animation.Triangle.Runtime", "Unity.2D.Animation.Triangle.Runtime.Player.csproj", "{7B255603-4A8B-0C91-6CDE-6592F34937B0}"
EndProject
Project("{FAE04EC0-301F-11D3-BF4B-00C04F79EFBC}") = "UnityEngine.UI", "UnityEngine.UI.Player.csproj", "{AE8851D9-D0FD-33D0-5D9E-82C3A1D8F008}"
EndProject
Project("{FAE04EC0-301F-11D3-BF4B-00C04F79EFBC}") = "Unity.TextMeshPro", "Unity.TextMeshPro.Player.csproj", "{9204BFE2-4BA9-BBCE-C84C-466A77DD78C0}"
EndProject
Project("{FAE04EC0-301F-11D3-BF4B-00C04F79EFBC}") = "Unity.2D.Animation.Runtime", "Unity.2D.Animation.Runtime.Player.csproj", "{359D5FE7-54FC-CFE0-70D5-A3F418B0E0DB}"
EndProject
Project("{FAE04EC0-301F-11D3-BF4B-00C04F79EFBC}") = "Unity.Timeline", "Unity.Timeline.Player.csproj", "{44D4C139-4234-3438-FD3D-477A7949D2FD}"
EndProject
Project("{FAE04EC0-301F-11D3-BF4B-00C04F79EFBC}") = "Unity.Mathematics", "Unity.Mathematics.Player.csproj", "{4A626CCD-84D8-E79E-996E-03B0F7626449}"
EndProject
Project("{FAE04EC0-301F-11D3-BF4B-00C04F79EFBC}") = "Unity.2D.SpriteShape.Runtime", "Unity.2D.SpriteShape.Runtime.Player.csproj", "{9D29B2D7-3517-911D-480E-E29CFC8F1511}"
EndProject
Project("{FAE04EC0-301F-11D3-BF4B-00C04F79EFBC}") = "Unity.2D.PixelPerfect", "Unity.2D.PixelPerfect.Player.csproj", "{A6BC5C0F-E724-91F2-4D87-C989013DCB67}"
EndProject
Project("{FAE04EC0-301F-11D3-BF4B-00C04F79EFBC}") = "Unity.InternalAPIEngineBridge.001", "Unity.InternalAPIEngineBridge.001.Player.csproj", "{C5FF9FF5-86D9-E8B2-A328-A0BFA1CBF5C5}"
EndProject
Project("{FAE04EC0-301F-11D3-BF4B-00C04F79EFBC}") = "Unity.2D.Common.Runtime", "Unity.2D.Common.Runtime.Player.csproj", "{6EE0E61B-3FFF-6D60-F163-08980AC1D20F}"
EndProject
Global
	GlobalSection(SolutionConfigurationPlatforms) = preSolution
		Debug|Any CPU = Debug|Any CPU
		Release|Any CPU = Release|Any CPU
	EndGlobalSection
	GlobalSection(ProjectConfigurationPlatforms) = postSolution
		{E911A2C7-40C3-A2C5-2466-368434942928}.Debug|Any CPU.ActiveCfg = Debug|Any CPU
		{E911A2C7-40C3-A2C5-2466-368434942928}.Debug|Any CPU.Build.0 = Debug|Any CPU
		{E911A2C7-40C3-A2C5-2466-368434942928}.Release|Any CPU.ActiveCfg = Release|Any CPU
		{E911A2C7-40C3-A2C5-2466-368434942928}.Release|Any CPU.Build.0 = Release|Any CPU
		{2808F9E1-2ECB-28AC-2E2E-B58F6335FCC4}.Debug|Any CPU.ActiveCfg = Debug|Any CPU
		{2808F9E1-2ECB-28AC-2E2E-B58F6335FCC4}.Debug|Any CPU.Build.0 = Debug|Any CPU
		{2808F9E1-2ECB-28AC-2E2E-B58F6335FCC4}.Release|Any CPU.ActiveCfg = Release|Any CPU
		{2808F9E1-2ECB-28AC-2E2E-B58F6335FCC4}.Release|Any CPU.Build.0 = Release|Any CPU
		{01301332-1955-2D92-49B6-756852A41906}.Debug|Any CPU.ActiveCfg = Debug|Any CPU
		{01301332-1955-2D92-49B6-756852A41906}.Debug|Any CPU.Build.0 = Debug|Any CPU
		{01301332-1955-2D92-49B6-756852A41906}.Release|Any CPU.ActiveCfg = Release|Any CPU
		{01301332-1955-2D92-49B6-756852A41906}.Release|Any CPU.Build.0 = Release|Any CPU
		{61FC298D-0F9B-8423-8B2E-26F509E66D89}.Debug|Any CPU.ActiveCfg = Debug|Any CPU
		{61FC298D-0F9B-8423-8B2E-26F509E66D89}.Debug|Any CPU.Build.0 = Debug|Any CPU
		{61FC298D-0F9B-8423-8B2E-26F509E66D89}.Release|Any CPU.ActiveCfg = Release|Any CPU
		{61FC298D-0F9B-8423-8B2E-26F509E66D89}.Release|Any CPU.Build.0 = Release|Any CPU
		{7225C98C-3C2D-2AE0-5BC7-A674DBA7BEF7}.Debug|Any CPU.ActiveCfg = Debug|Any CPU
		{7225C98C-3C2D-2AE0-5BC7-A674DBA7BEF7}.Debug|Any CPU.Build.0 = Debug|Any CPU
		{7225C98C-3C2D-2AE0-5BC7-A674DBA7BEF7}.Release|Any CPU.ActiveCfg = Release|Any CPU
		{7225C98C-3C2D-2AE0-5BC7-A674DBA7BEF7}.Release|Any CPU.Build.0 = Release|Any CPU
		{BB59949C-1172-264C-131E-81325C7F7649}.Debug|Any CPU.ActiveCfg = Debug|Any CPU
		{BB59949C-1172-264C-131E-81325C7F7649}.Debug|Any CPU.Build.0 = Debug|Any CPU
		{BB59949C-1172-264C-131E-81325C7F7649}.Release|Any CPU.ActiveCfg = Release|Any CPU
		{BB59949C-1172-264C-131E-81325C7F7649}.Release|Any CPU.Build.0 = Release|Any CPU
		{D94070F5-93A2-F7D5-1CB9-79E871D7CAB5}.Debug|Any CPU.ActiveCfg = Debug|Any CPU
		{D94070F5-93A2-F7D5-1CB9-79E871D7CAB5}.Debug|Any CPU.Build.0 = Debug|Any CPU
		{D94070F5-93A2-F7D5-1CB9-79E871D7CAB5}.Release|Any CPU.ActiveCfg = Release|Any CPU
		{D94070F5-93A2-F7D5-1CB9-79E871D7CAB5}.Release|Any CPU.Build.0 = Release|Any CPU
		{BBA57046-FFC9-06E0-12AE-081E11B440FB}.Debug|Any CPU.ActiveCfg = Debug|Any CPU
		{BBA57046-FFC9-06E0-12AE-081E11B440FB}.Debug|Any CPU.Build.0 = Debug|Any CPU
		{BBA57046-FFC9-06E0-12AE-081E11B440FB}.Release|Any CPU.ActiveCfg = Release|Any CPU
		{BBA57046-FFC9-06E0-12AE-081E11B440FB}.Release|Any CPU.Build.0 = Release|Any CPU
		{9897ECF8-67C9-B2A8-3454-FB31BE6A0DD2}.Debug|Any CPU.ActiveCfg = Debug|Any CPU
		{9897ECF8-67C9-B2A8-3454-FB31BE6A0DD2}.Debug|Any CPU.Build.0 = Debug|Any CPU
		{9897ECF8-67C9-B2A8-3454-FB31BE6A0DD2}.Release|Any CPU.ActiveCfg = Release|Any CPU
		{9897ECF8-67C9-B2A8-3454-FB31BE6A0DD2}.Release|Any CPU.Build.0 = Release|Any CPU
		{450A2D06-9AFF-6A16-D083-E424EBE75BFF}.Debug|Any CPU.ActiveCfg = Debug|Any CPU
		{450A2D06-9AFF-6A16-D083-E424EBE75BFF}.Debug|Any CPU.Build.0 = Debug|Any CPU
		{450A2D06-9AFF-6A16-D083-E424EBE75BFF}.Release|Any CPU.ActiveCfg = Release|Any CPU
		{450A2D06-9AFF-6A16-D083-E424EBE75BFF}.Release|Any CPU.Build.0 = Release|Any CPU
		{9DE46FB3-6A7F-691F-087F-4D5C74B3044F}.Debug|Any CPU.ActiveCfg = Debug|Any CPU
		{9DE46FB3-6A7F-691F-087F-4D5C74B3044F}.Debug|Any CPU.Build.0 = Debug|Any CPU
		{9DE46FB3-6A7F-691F-087F-4D5C74B3044F}.Release|Any CPU.ActiveCfg = Release|Any CPU
		{9DE46FB3-6A7F-691F-087F-4D5C74B3044F}.Release|Any CPU.Build.0 = Release|Any CPU
		{29C5940E-ACD8-226D-04E8-5DEC893278EF}.Debug|Any CPU.ActiveCfg = Debug|Any CPU
		{29C5940E-ACD8-226D-04E8-5DEC893278EF}.Debug|Any CPU.Build.0 = Debug|Any CPU
		{29C5940E-ACD8-226D-04E8-5DEC893278EF}.Release|Any CPU.ActiveCfg = Release|Any CPU
		{29C5940E-ACD8-226D-04E8-5DEC893278EF}.Release|Any CPU.Build.0 = Release|Any CPU
		{64AA55E4-6561-FA30-19D4-D0DDCCAA62C7}.Debug|Any CPU.ActiveCfg = Debug|Any CPU
		{64AA55E4-6561-FA30-19D4-D0DDCCAA62C7}.Debug|Any CPU.Build.0 = Debug|Any CPU
		{64AA55E4-6561-FA30-19D4-D0DDCCAA62C7}.Release|Any CPU.ActiveCfg = Release|Any CPU
		{64AA55E4-6561-FA30-19D4-D0DDCCAA62C7}.Release|Any CPU.Build.0 = Release|Any CPU
		{21F546F7-3F40-767A-3712-AD6E6CF0A72B}.Debug|Any CPU.ActiveCfg = Debug|Any CPU
		{21F546F7-3F40-767A-3712-AD6E6CF0A72B}.Debug|Any CPU.Build.0 = Debug|Any CPU
		{21F546F7-3F40-767A-3712-AD6E6CF0A72B}.Release|Any CPU.ActiveCfg = Release|Any CPU
		{21F546F7-3F40-767A-3712-AD6E6CF0A72B}.Release|Any CPU.Build.0 = Release|Any CPU
		{668916F6-CE33-2925-1C3E-9DE9927301E6}.Debug|Any CPU.ActiveCfg = Debug|Any CPU
		{668916F6-CE33-2925-1C3E-9DE9927301E6}.Debug|Any CPU.Build.0 = Debug|Any CPU
		{668916F6-CE33-2925-1C3E-9DE9927301E6}.Release|Any CPU.ActiveCfg = Release|Any CPU
		{668916F6-CE33-2925-1C3E-9DE9927301E6}.Release|Any CPU.Build.0 = Release|Any CPU
		{6900FCFA-EFD4-1EA3-82C2-036143AD19DB}.Debug|Any CPU.ActiveCfg = Debug|Any CPU
		{6900FCFA-EFD4-1EA3-82C2-036143AD19DB}.Debug|Any CPU.Build.0 = Debug|Any CPU
		{6900FCFA-EFD4-1EA3-82C2-036143AD19DB}.Release|Any CPU.ActiveCfg = Release|Any CPU
		{6900FCFA-EFD4-1EA3-82C2-036143AD19DB}.Release|Any CPU.Build.0 = Release|Any CPU
		{18108924-90D9-296A-397B-BA31BF18B23D}.Debug|Any CPU.ActiveCfg = Debug|Any CPU
		{18108924-90D9-296A-397B-BA31BF18B23D}.Debug|Any CPU.Build.0 = Debug|Any CPU
		{18108924-90D9-296A-397B-BA31BF18B23D}.Release|Any CPU.ActiveCfg = Release|Any CPU
		{18108924-90D9-296A-397B-BA31BF18B23D}.Release|Any CPU.Build.0 = Release|Any CPU
		{8678AAD7-ABD3-32A1-B986-7094B56F1EAB}.Debug|Any CPU.ActiveCfg = Debug|Any CPU
		{8678AAD7-ABD3-32A1-B986-7094B56F1EAB}.Debug|Any CPU.Build.0 = Debug|Any CPU
		{8678AAD7-ABD3-32A1-B986-7094B56F1EAB}.Release|Any CPU.ActiveCfg = Release|Any CPU
		{8678AAD7-ABD3-32A1-B986-7094B56F1EAB}.Release|Any CPU.Build.0 = Release|Any CPU
		{0E7FBF29-B8D2-94F8-D131-D578E603DF67}.Debug|Any CPU.ActiveCfg = Debug|Any CPU
		{0E7FBF29-B8D2-94F8-D131-D578E603DF67}.Debug|Any CPU.Build.0 = Debug|Any CPU
		{0E7FBF29-B8D2-94F8-D131-D578E603DF67}.Release|Any CPU.ActiveCfg = Release|Any CPU
		{0E7FBF29-B8D2-94F8-D131-D578E603DF67}.Release|Any CPU.Build.0 = Release|Any CPU
		{74581082-D99D-4C74-8A84-989D937076CD}.Debug|Any CPU.ActiveCfg = Debug|Any CPU
		{74581082-D99D-4C74-8A84-989D937076CD}.Debug|Any CPU.Build.0 = Debug|Any CPU
		{74581082-D99D-4C74-8A84-989D937076CD}.Release|Any CPU.ActiveCfg = Release|Any CPU
		{74581082-D99D-4C74-8A84-989D937076CD}.Release|Any CPU.Build.0 = Release|Any CPU
		{94F90447-EC0C-C7B2-6CF4-1B8F161A4A5E}.Debug|Any CPU.ActiveCfg = Debug|Any CPU
		{94F90447-EC0C-C7B2-6CF4-1B8F161A4A5E}.Debug|Any CPU.Build.0 = Debug|Any CPU
		{94F90447-EC0C-C7B2-6CF4-1B8F161A4A5E}.Release|Any CPU.ActiveCfg = Release|Any CPU
		{94F90447-EC0C-C7B2-6CF4-1B8F161A4A5E}.Release|Any CPU.Build.0 = Release|Any CPU
		{C52A0C88-2AF5-73C2-F472-062D48A51209}.Debug|Any CPU.ActiveCfg = Debug|Any CPU
		{C52A0C88-2AF5-73C2-F472-062D48A51209}.Debug|Any CPU.Build.0 = Debug|Any CPU
		{C52A0C88-2AF5-73C2-F472-062D48A51209}.Release|Any CPU.ActiveCfg = Release|Any CPU
		{C52A0C88-2AF5-73C2-F472-062D48A51209}.Release|Any CPU.Build.0 = Release|Any CPU
		{65F93F11-1E9B-3258-81FB-9CF24F4A348C}.Debug|Any CPU.ActiveCfg = Debug|Any CPU
		{65F93F11-1E9B-3258-81FB-9CF24F4A348C}.Debug|Any CPU.Build.0 = Debug|Any CPU
		{65F93F11-1E9B-3258-81FB-9CF24F4A348C}.Release|Any CPU.ActiveCfg = Release|Any CPU
		{65F93F11-1E9B-3258-81FB-9CF24F4A348C}.Release|Any CPU.Build.0 = Release|Any CPU
		{86B2E0C5-E09F-D67E-0CBA-EC08221DF493}.Debug|Any CPU.ActiveCfg = Debug|Any CPU
		{86B2E0C5-E09F-D67E-0CBA-EC08221DF493}.Debug|Any CPU.Build.0 = Debug|Any CPU
		{86B2E0C5-E09F-D67E-0CBA-EC08221DF493}.Release|Any CPU.ActiveCfg = Release|Any CPU
		{86B2E0C5-E09F-D67E-0CBA-EC08221DF493}.Release|Any CPU.Build.0 = Release|Any CPU
		{803D9E5F-D3E8-DA1C-181E-9D228BC0886E}.Debug|Any CPU.ActiveCfg = Debug|Any CPU
		{803D9E5F-D3E8-DA1C-181E-9D228BC0886E}.Debug|Any CPU.Build.0 = Debug|Any CPU
		{803D9E5F-D3E8-DA1C-181E-9D228BC0886E}.Release|Any CPU.ActiveCfg = Release|Any CPU
		{803D9E5F-D3E8-DA1C-181E-9D228BC0886E}.Release|Any CPU.Build.0 = Release|Any CPU
		{3CE02675-45A7-9950-A9A5-888CFFA9D253}.Debug|Any CPU.ActiveCfg = Debug|Any CPU
		{3CE02675-45A7-9950-A9A5-888CFFA9D253}.Debug|Any CPU.Build.0 = Debug|Any CPU
		{3CE02675-45A7-9950-A9A5-888CFFA9D253}.Release|Any CPU.ActiveCfg = Release|Any CPU
		{3CE02675-45A7-9950-A9A5-888CFFA9D253}.Release|Any CPU.Build.0 = Release|Any CPU
		{11B93DE1-222C-8392-ED2B-11B4DBFD1B61}.Debug|Any CPU.ActiveCfg = Debug|Any CPU
		{11B93DE1-222C-8392-ED2B-11B4DBFD1B61}.Debug|Any CPU.Build.0 = Debug|Any CPU
		{11B93DE1-222C-8392-ED2B-11B4DBFD1B61}.Release|Any CPU.ActiveCfg = Release|Any CPU
		{11B93DE1-222C-8392-ED2B-11B4DBFD1B61}.Release|Any CPU.Build.0 = Release|Any CPU
		{2E398205-43C0-2C1B-A36F-AF2C3DD44C62}.Debug|Any CPU.ActiveCfg = Debug|Any CPU
		{2E398205-43C0-2C1B-A36F-AF2C3DD44C62}.Debug|Any CPU.Build.0 = Debug|Any CPU
		{2E398205-43C0-2C1B-A36F-AF2C3DD44C62}.Release|Any CPU.ActiveCfg = Release|Any CPU
		{2E398205-43C0-2C1B-A36F-AF2C3DD44C62}.Release|Any CPU.Build.0 = Release|Any CPU
		{C6EBD6B5-B0CC-5C9E-07CF-868A22E7FCCB}.Debug|Any CPU.ActiveCfg = Debug|Any CPU
		{C6EBD6B5-B0CC-5C9E-07CF-868A22E7FCCB}.Debug|Any CPU.Build.0 = Debug|Any CPU
		{C6EBD6B5-B0CC-5C9E-07CF-868A22E7FCCB}.Release|Any CPU.ActiveCfg = Release|Any CPU
		{C6EBD6B5-B0CC-5C9E-07CF-868A22E7FCCB}.Release|Any CPU.Build.0 = Release|Any CPU
		{599ECE76-7D73-D5E8-B020-F5921C434FAD}.Debug|Any CPU.ActiveCfg = Debug|Any CPU
		{599ECE76-7D73-D5E8-B020-F5921C434FAD}.Debug|Any CPU.Build.0 = Debug|Any CPU
		{599ECE76-7D73-D5E8-B020-F5921C434FAD}.Release|Any CPU.ActiveCfg = Release|Any CPU
		{599ECE76-7D73-D5E8-B020-F5921C434FAD}.Release|Any CPU.Build.0 = Release|Any CPU
		{C23F7CF0-1F78-E8FD-0F3E-AA5146B968A0}.Debug|Any CPU.ActiveCfg = Debug|Any CPU
		{C23F7CF0-1F78-E8FD-0F3E-AA5146B968A0}.Debug|Any CPU.Build.0 = Debug|Any CPU
		{C23F7CF0-1F78-E8FD-0F3E-AA5146B968A0}.Release|Any CPU.ActiveCfg = Release|Any CPU
		{C23F7CF0-1F78-E8FD-0F3E-AA5146B968A0}.Release|Any CPU.Build.0 = Release|Any CPU
		{50DD0E79-51CA-6F50-6381-AB022DE80575}.Debug|Any CPU.ActiveCfg = Debug|Any CPU
		{50DD0E79-51CA-6F50-6381-AB022DE80575}.Debug|Any CPU.Build.0 = Debug|Any CPU
		{50DD0E79-51CA-6F50-6381-AB022DE80575}.Release|Any CPU.ActiveCfg = Release|Any CPU
		{50DD0E79-51CA-6F50-6381-AB022DE80575}.Release|Any CPU.Build.0 = Release|Any CPU
		{7B255603-4A8B-0C91-6CDE-6592F34937B0}.Debug|Any CPU.ActiveCfg = Debug|Any CPU
		{7B255603-4A8B-0C91-6CDE-6592F34937B0}.Debug|Any CPU.Build.0 = Debug|Any CPU
		{7B255603-4A8B-0C91-6CDE-6592F34937B0}.Release|Any CPU.ActiveCfg = Release|Any CPU
		{7B255603-4A8B-0C91-6CDE-6592F34937B0}.Release|Any CPU.Build.0 = Release|Any CPU
		{AE8851D9-D0FD-33D0-5D9E-82C3A1D8F008}.Debug|Any CPU.ActiveCfg = Debug|Any CPU
		{AE8851D9-D0FD-33D0-5D9E-82C3A1D8F008}.Debug|Any CPU.Build.0 = Debug|Any CPU
		{AE8851D9-D0FD-33D0-5D9E-82C3A1D8F008}.Release|Any CPU.ActiveCfg = Release|Any CPU
		{AE8851D9-D0FD-33D0-5D9E-82C3A1D8F008}.Release|Any CPU.Build.0 = Release|Any CPU
		{9204BFE2-4BA9-BBCE-C84C-466A77DD78C0}.Debug|Any CPU.ActiveCfg = Debug|Any CPU
		{9204BFE2-4BA9-BBCE-C84C-466A77DD78C0}.Debug|Any CPU.Build.0 = Debug|Any CPU
		{9204BFE2-4BA9-BBCE-C84C-466A77DD78C0}.Release|Any CPU.ActiveCfg = Release|Any CPU
		{9204BFE2-4BA9-BBCE-C84C-466A77DD78C0}.Release|Any CPU.Build.0 = Release|Any CPU
		{359D5FE7-54FC-CFE0-70D5-A3F418B0E0DB}.Debug|Any CPU.ActiveCfg = Debug|Any CPU
		{359D5FE7-54FC-CFE0-70D5-A3F418B0E0DB}.Debug|Any CPU.Build.0 = Debug|Any CPU
		{359D5FE7-54FC-CFE0-70D5-A3F418B0E0DB}.Release|Any CPU.ActiveCfg = Release|Any CPU
		{359D5FE7-54FC-CFE0-70D5-A3F418B0E0DB}.Release|Any CPU.Build.0 = Release|Any CPU
		{44D4C139-4234-3438-FD3D-477A7949D2FD}.Debug|Any CPU.ActiveCfg = Debug|Any CPU
		{44D4C139-4234-3438-FD3D-477A7949D2FD}.Debug|Any CPU.Build.0 = Debug|Any CPU
		{44D4C139-4234-3438-FD3D-477A7949D2FD}.Release|Any CPU.ActiveCfg = Release|Any CPU
		{44D4C139-4234-3438-FD3D-477A7949D2FD}.Release|Any CPU.Build.0 = Release|Any CPU
		{4A626CCD-84D8-E79E-996E-03B0F7626449}.Debug|Any CPU.ActiveCfg = Debug|Any CPU
		{4A626CCD-84D8-E79E-996E-03B0F7626449}.Debug|Any CPU.Build.0 = Debug|Any CPU
		{4A626CCD-84D8-E79E-996E-03B0F7626449}.Release|Any CPU.ActiveCfg = Release|Any CPU
		{4A626CCD-84D8-E79E-996E-03B0F7626449}.Release|Any CPU.Build.0 = Release|Any CPU
		{9D29B2D7-3517-911D-480E-E29CFC8F1511}.Debug|Any CPU.ActiveCfg = Debug|Any CPU
		{9D29B2D7-3517-911D-480E-E29CFC8F1511}.Debug|Any CPU.Build.0 = Debug|Any CPU
		{9D29B2D7-3517-911D-480E-E29CFC8F1511}.Release|Any CPU.ActiveCfg = Release|Any CPU
		{9D29B2D7-3517-911D-480E-E29CFC8F1511}.Release|Any CPU.Build.0 = Release|Any CPU
		{A6BC5C0F-E724-91F2-4D87-C989013DCB67}.Debug|Any CPU.ActiveCfg = Debug|Any CPU
		{A6BC5C0F-E724-91F2-4D87-C989013DCB67}.Debug|Any CPU.Build.0 = Debug|Any CPU
		{A6BC5C0F-E724-91F2-4D87-C989013DCB67}.Release|Any CPU.ActiveCfg = Release|Any CPU
		{A6BC5C0F-E724-91F2-4D87-C989013DCB67}.Release|Any CPU.Build.0 = Release|Any CPU
		{C5FF9FF5-86D9-E8B2-A328-A0BFA1CBF5C5}.Debug|Any CPU.ActiveCfg = Debug|Any CPU
		{C5FF9FF5-86D9-E8B2-A328-A0BFA1CBF5C5}.Debug|Any CPU.Build.0 = Debug|Any CPU
		{C5FF9FF5-86D9-E8B2-A328-A0BFA1CBF5C5}.Release|Any CPU.ActiveCfg = Release|Any CPU
		{C5FF9FF5-86D9-E8B2-A328-A0BFA1CBF5C5}.Release|Any CPU.Build.0 = Release|Any CPU
		{6EE0E61B-3FFF-6D60-F163-08980AC1D20F}.Debug|Any CPU.ActiveCfg = Debug|Any CPU
		{6EE0E61B-3FFF-6D60-F163-08980AC1D20F}.Debug|Any CPU.Build.0 = Debug|Any CPU
		{6EE0E61B-3FFF-6D60-F163-08980AC1D20F}.Release|Any CPU.ActiveCfg = Release|Any CPU
		{6EE0E61B-3FFF-6D60-F163-08980AC1D20F}.Release|Any CPU.Build.0 = Release|Any CPU
	EndGlobalSection
	GlobalSection(SolutionProperties) = preSolution
		HideSolutionNode = FALSE
	EndGlobalSection
EndGlobal
